
Microsoft Visual Studio Solution File, Format Version 12.00
Project("{FAE04EC0-301F-11D3-BF4B-00C04F79EFBC}") = "AutoFacPracticeApp", "AutoFacPracticeApp\AutoFacPracticeApp.csproj", "{AEFDA760-2E5D-4053-8796-6A9A6BD6BC9E}"
EndProject
Project("{FAE04EC0-301F-11D3-BF4B-00C04F79EFBC}") = "AutoFacPracticeApp.Tests", "AutoFacPracticeApp.Tests\AutoFacPracticeApp.Tests.csproj", "{6D4847C2-CBFE-4D1D-81E6-7471081C100A}"
EndProject
Project("{FAE04EC0-301F-11D3-BF4B-00C04F79EFBC}") = "AutoFacPracticeApp.MSTest", "AutoFacPracticeApp.MSTest\AutoFacPracticeApp.MSTest.csproj", "{C0D91075-DB8D-4644-8296-24B73B6B8E52}"
EndProject
Global
	GlobalSection(SolutionConfigurationPlatforms) = preSolution
		Debug|Any CPU = Debug|Any CPU
		Release|Any CPU = Release|Any CPU
	EndGlobalSection
	GlobalSection(ProjectConfigurationPlatforms) = postSolution
		{AEFDA760-2E5D-4053-8796-6A9A6BD6BC9E}.Debug|Any CPU.ActiveCfg = Debug|Any CPU
		{AEFDA760-2E5D-4053-8796-6A9A6BD6BC9E}.Debug|Any CPU.Build.0 = Debug|Any CPU
		{AEFDA760-2E5D-4053-8796-6A9A6BD6BC9E}.Release|Any CPU.ActiveCfg = Release|Any CPU
		{AEFDA760-2E5D-4053-8796-6A9A6BD6BC9E}.Release|Any CPU.Build.0 = Release|Any CPU
		{6D4847C2-CBFE-4D1D-81E6-7471081C100A}.Debug|Any CPU.ActiveCfg = Debug|Any CPU
		{6D4847C2-CBFE-4D1D-81E6-7471081C100A}.Debug|Any CPU.Build.0 = Debug|Any CPU
		{6D4847C2-CBFE-4D1D-81E6-7471081C100A}.Release|Any CPU.ActiveCfg = Release|Any CPU
		{6D4847C2-CBFE-4D1D-81E6-7471081C100A}.Release|Any CPU.Build.0 = Release|Any CPU
		{C0D91075-DB8D-4644-8296-24B73B6B8E52}.Debug|Any CPU.ActiveCfg = Debug|Any CPU
		{C0D91075-DB8D-4644-8296-24B73B6B8E52}.Debug|Any CPU.Build.0 = Debug|Any CPU
		{C0D91075-DB8D-4644-8296-24B73B6B8E52}.Release|Any CPU.ActiveCfg = Release|Any CPU
		{C0D91075-DB8D-4644-8296-24B73B6B8E52}.Release|Any CPU.Build.0 = Release|Any CPU
	EndGlobalSection
EndGlobal
