
Microsoft Visual Studio Solution File, Format Version 12.00
Project("{FAE04EC0-301F-11D3-BF4B-00C04F79EFBC}") = "SRPClassLib", "SRPClassLib\SRPClassLib.csproj", "{9947F105-DE19-4B00-9F4C-005F24DFCB2F}"
EndProject
Project("{FAE04EC0-301F-11D3-BF4B-00C04F79EFBC}") = "SRPClassLib.Tests", "SRPClassLib.Tests\SRPClassLib.Tests.csproj", "{D6031F5E-FD7B-4E6C-928E-0BE9109B2792}"
EndProject
Global
	GlobalSection(SolutionConfigurationPlatforms) = preSolution
		Debug|Any CPU = Debug|Any CPU
		Release|Any CPU = Release|Any CPU
	EndGlobalSection
	GlobalSection(ProjectConfigurationPlatforms) = postSolution
		{9947F105-DE19-4B00-9F4C-005F24DFCB2F}.Debug|Any CPU.ActiveCfg = Debug|Any CPU
		{9947F105-DE19-4B00-9F4C-005F24DFCB2F}.Debug|Any CPU.Build.0 = Debug|Any CPU
		{9947F105-DE19-4B00-9F4C-005F24DFCB2F}.Release|Any CPU.ActiveCfg = Release|Any CPU
		{9947F105-DE19-4B00-9F4C-005F24DFCB2F}.Release|Any CPU.Build.0 = Release|Any CPU
		{D6031F5E-FD7B-4E6C-928E-0BE9109B2792}.Debug|Any CPU.ActiveCfg = Debug|Any CPU
		{D6031F5E-FD7B-4E6C-928E-0BE9109B2792}.Debug|Any CPU.Build.0 = Debug|Any CPU
		{D6031F5E-FD7B-4E6C-928E-0BE9109B2792}.Release|Any CPU.ActiveCfg = Release|Any CPU
		{D6031F5E-FD7B-4E6C-928E-0BE9109B2792}.Release|Any CPU.Build.0 = Release|Any CPU
	EndGlobalSection
EndGlobal
