
Microsoft Visual Studio Solution File, Format Version 12.00
# Visual Studio Version 17
VisualStudioVersion = 17.0.32014.148
MinimumVisualStudioVersion = 10.0.40219.1
Project("{9A19103F-16F7-4668-BE54-9A1E7A4F7556}") = "TddPractice1", "TddPractice1\TddPractice1.csproj", "{511A7EE6-DE5A-4224-A194-24439DBE042E}"
EndProject
Project("{9A19103F-16F7-4668-BE54-9A1E7A4F7556}") = "TddPractice1.Tests", "StringHelper.Tests\TddPractice1.Tests.csproj", "{42ECD636-6481-464E-A61D-8E8D9C35B400}"
EndProject
Global
	GlobalSection(SolutionConfigurationPlatforms) = preSolution
		Debug|Any CPU = Debug|Any CPU
		Release|Any CPU = Release|Any CPU
	EndGlobalSection
	GlobalSection(ProjectConfigurationPlatforms) = postSolution
		{511A7EE6-DE5A-4224-A194-24439DBE042E}.Debug|Any CPU.ActiveCfg = Debug|Any CPU
		{511A7EE6-DE5A-4224-A194-24439DBE042E}.Debug|Any CPU.Build.0 = Debug|Any CPU
		{511A7EE6-DE5A-4224-A194-24439DBE042E}.Release|Any CPU.ActiveCfg = Release|Any CPU
		{511A7EE6-DE5A-4224-A194-24439DBE042E}.Release|Any CPU.Build.0 = Release|Any CPU
		{42ECD636-6481-464E-A61D-8E8D9C35B400}.Debug|Any CPU.ActiveCfg = Debug|Any CPU
		{42ECD636-6481-464E-A61D-8E8D9C35B400}.Debug|Any CPU.Build.0 = Debug|Any CPU
		{42ECD636-6481-464E-A61D-8E8D9C35B400}.Release|Any CPU.ActiveCfg = Release|Any CPU
		{42ECD636-6481-464E-A61D-8E8D9C35B400}.Release|Any CPU.Build.0 = Release|Any CPU
	EndGlobalSection
	GlobalSection(SolutionProperties) = preSolution
		HideSolutionNode = FALSE
	EndGlobalSection
	GlobalSection(ExtensibilityGlobals) = postSolution
		SolutionGuid = {B70F279D-E8CB-42CF-B9DF-6550A805389B}
	EndGlobalSection
EndGlobal
