
Microsoft Visual Studio Solution File, Format Version 12.00
# Visual Studio Version 17
VisualStudioVersion = 17.0.32014.148
MinimumVisualStudioVersion = 10.0.40219.1
Project("{FAE04EC0-301F-11D3-BF4B-00C04F79EFBC}") = "TDDFirst", "TDDFirst\TDDFirst.csproj", "{268FA771-D9D9-4194-A6BD-7C1CEED7EA93}"
EndProject
Project("{FAE04EC0-301F-11D3-BF4B-00C04F79EFBC}") = "TDDFirst.Tests", "TDDFirst.Tests\TDDFirst.Tests.csproj", "{FDD503E5-EB3D-47B1-85D5-B872A1DCB4A3}"
EndProject
Global
	GlobalSection(SolutionConfigurationPlatforms) = preSolution
		Debug|Any CPU = Debug|Any CPU
		Release|Any CPU = Release|Any CPU
	EndGlobalSection
	GlobalSection(ProjectConfigurationPlatforms) = postSolution
		{268FA771-D9D9-4194-A6BD-7C1CEED7EA93}.Debug|Any CPU.ActiveCfg = Debug|Any CPU
		{268FA771-D9D9-4194-A6BD-7C1CEED7EA93}.Debug|Any CPU.Build.0 = Debug|Any CPU
		{268FA771-D9D9-4194-A6BD-7C1CEED7EA93}.Release|Any CPU.ActiveCfg = Release|Any CPU
		{268FA771-D9D9-4194-A6BD-7C1CEED7EA93}.Release|Any CPU.Build.0 = Release|Any CPU
		{FDD503E5-EB3D-47B1-85D5-B872A1DCB4A3}.Debug|Any CPU.ActiveCfg = Debug|Any CPU
		{FDD503E5-EB3D-47B1-85D5-B872A1DCB4A3}.Debug|Any CPU.Build.0 = Debug|Any CPU
		{FDD503E5-EB3D-47B1-85D5-B872A1DCB4A3}.Release|Any CPU.ActiveCfg = Release|Any CPU
		{FDD503E5-EB3D-47B1-85D5-B872A1DCB4A3}.Release|Any CPU.Build.0 = Release|Any CPU
	EndGlobalSection
	GlobalSection(SolutionProperties) = preSolution
		HideSolutionNode = FALSE
	EndGlobalSection
	GlobalSection(ExtensibilityGlobals) = postSolution
		SolutionGuid = {E8036A35-BB65-4C63-8A73-A0566A737663}
	EndGlobalSection
EndGlobal
